
Microsoft Visual Studio Solution File, Format Version 12.00
# Visual Studio Version 17
VisualStudioVersion = 17.6.33815.320
MinimumVisualStudioVersion = 10.0.40219.1
Project("{FAE04EC0-301F-11D3-BF4B-00C04F79EFBC}") = "REQ001", "REQ001\REQ001.csproj", "{1DDCDA74-FBB1-4DB3-B1EE-90C3891DEB3E}"
EndProject
Global
	GlobalSection(SolutionConfigurationPlatforms) = preSolution
		Debug|Any CPU = Debug|Any CPU
		Release|Any CPU = Release|Any CPU
	EndGlobalSection
	GlobalSection(ProjectConfigurationPlatforms) = postSolution
		{1DDCDA74-FBB1-4DB3-B1EE-90C3891DEB3E}.Debug|Any CPU.ActiveCfg = Debug|Any CPU
		{1DDCDA74-FBB1-4DB3-B1EE-90C3891DEB3E}.Debug|Any CPU.Build.0 = Debug|Any CPU
		{1DDCDA74-FBB1-4DB3-B1EE-90C3891DEB3E}.Release|Any CPU.ActiveCfg = Release|Any CPU
		{1DDCDA74-FBB1-4DB3-B1EE-90C3891DEB3E}.Release|Any CPU.Build.0 = Release|Any CPU
	EndGlobalSection
	GlobalSection(SolutionProperties) = preSolution
		HideSolutionNode = FALSE
	EndGlobalSection
	GlobalSection(ExtensibilityGlobals) = postSolution
		SolutionGuid = {52368B97-C1D9-49BD-A196-644A122F37A0}
	EndGlobalSection
EndGlobal
